
Microsoft Visual Studio Solution File, Format Version 12.00
# Visual Studio 15
VisualStudioVersion = 15.0.26730.16
MinimumVisualStudioVersion = 10.0.40219.1
Project("{FAE04EC0-301F-11D3-BF4B-00C04F79EFBC}") = "Meghan CSharp Exercises", "Meghan CSharp Exercises\Meghan CSharp Exercises.csproj", "{63B5C90D-65DA-458A-80DB-54B3535E4E97}"
EndProject
Global
	GlobalSection(SolutionConfigurationPlatforms) = preSolution
		Debug|Any CPU = Debug|Any CPU
		Release|Any CPU = Release|Any CPU
	EndGlobalSection
	GlobalSection(ProjectConfigurationPlatforms) = postSolution
		{63B5C90D-65DA-458A-80DB-54B3535E4E97}.Debug|Any CPU.ActiveCfg = Debug|Any CPU
		{63B5C90D-65DA-458A-80DB-54B3535E4E97}.Debug|Any CPU.Build.0 = Debug|Any CPU
		{63B5C90D-65DA-458A-80DB-54B3535E4E97}.Release|Any CPU.ActiveCfg = Release|Any CPU
		{63B5C90D-65DA-458A-80DB-54B3535E4E97}.Release|Any CPU.Build.0 = Release|Any CPU
	EndGlobalSection
	GlobalSection(SolutionProperties) = preSolution
		HideSolutionNode = FALSE
	EndGlobalSection
	GlobalSection(ExtensibilityGlobals) = postSolution
		SolutionGuid = {A20B3240-B671-4654-8987-FC8D8A4D7AB7}
	EndGlobalSection
EndGlobal
